{
  "version": 4,
  "terraform_version": "1.8.4",
  "serial": 250,
  "lineage": "aee3135d-2bc0-2d64-36e9-e812630604bd",
  "outputs": {},
  "resources": [
    {
      "mode": "managed",
      "type": "newrelic_alert_muting_rule",
      "name": "foo-1-apm",
      "provider": "provider[\"registry.terraform.io/newrelic/newrelic\"]",
      "instances": [
        {
          "schema_version": 0,
          "attributes": {
            "account_id": null,
            "condition": [
              {
                "conditions": [
                  {
                    "attribute": "product",
                    "operator": "EQUALS",
                    "values": [
                      "apm-vs-relicstaurants"
                    ]
                  }
                ],
                "operator": "AND"
              }
            ],
            "description": "muting rule test.",
            "enabled": true,
            "id": "4438263:56750777",
            "name": "Example Muting Rule",
            "schedule": [
              {
                "end_repeat": "",
                "end_time": "2024-07-29T15:30:00",
                "repeat": "WEEKLY",
                "repeat_count": 42,
                "start_time": "2024-07-29T14:30:00",
                "time_zone": "Asia/Kolkata",
                "weekly_repeat_days": [
                  "FRIDAY",
                  "SUNDAY",
                  "WEDNESDAY"
                ]
              }
            ]
          },
          "sensitive_attributes": [],
          "private": "bnVsbA=="
        }
      ]
    },
    {
      "mode": "managed",
      "type": "newrelic_alert_muting_rule",
      "name": "foo-1-brow",
      "provider": "provider[\"registry.terraform.io/newrelic/newrelic\"]",
      "instances": [
        {
          "schema_version": 0,
          "attributes": {
            "account_id": null,
            "condition": [
              {
                "conditions": [
                  {
                    "attribute": "product",
                    "operator": "EQUALS",
                    "values": [
                      "browser-res1112"
                    ]
                  }
                ],
                "operator": "AND"
              }
            ],
            "description": "muting rule test.browser",
            "enabled": true,
            "id": "4438263:56750775",
            "name": "Example Muting Rule browser",
            "schedule": [
              {
                "end_repeat": "",
                "end_time": "2024-07-24T16:30:00",
                "repeat": "WEEKLY",
                "repeat_count": 42,
                "start_time": "2024-07-24T15:30:00",
                "time_zone": "Asia/Kolkata",
                "weekly_repeat_days": [
                  "FRIDAY",
                  "SUNDAY",
                  "WEDNESDAY"
                ]
              }
            ]
          },
          "sensitive_attributes": [],
          "private": "bnVsbA=="
        }
      ]
    },
    {
      "mode": "managed",
      "type": "newrelic_alert_muting_rule",
      "name": "foo-1-infra",
      "provider": "provider[\"registry.terraform.io/newrelic/newrelic\"]",
      "instances": [
        {
          "schema_version": 0,
          "attributes": {
            "account_id": null,
            "condition": [
              {
                "conditions": [
                  {
                    "attribute": "product",
                    "operator": "EQUALS",
                    "values": [
                      "DESKTOP-VG81DSE"
                    ]
                  }
                ],
                "operator": "AND"
              }
            ],
            "description": "muting rule test infra.",
            "enabled": true,
            "id": "4438263:56750776",
            "name": "Example Muting Rule infra",
            "schedule": [
              {
                "end_repeat": "",
                "end_time": "2024-07-29T20:30:00",
                "repeat": "WEEKLY",
                "repeat_count": 42,
                "start_time": "2024-07-29T19:30:00",
                "time_zone": "Asia/Kolkata",
                "weekly_repeat_days": [
                  "FRIDAY",
                  "SUNDAY",
                  "WEDNESDAY"
                ]
              }
            ]
          },
          "sensitive_attributes": [],
          "private": "bnVsbA=="
        }
      ]
    },
    {
      "mode": "managed",
      "type": "newrelic_alert_policy",
      "name": "apm-policy",
      "provider": "provider[\"registry.terraform.io/newrelic/newrelic\"]",
      "instances": [
        {
          "schema_version": 0,
          "attributes": {
            "account_id": 4438263,
            "channel_ids": null,
            "id": "5498518",
            "incident_preference": "PER_POLICY",
            "name": "apm-policy"
          },
          "sensitive_attributes": [],
          "private": "bnVsbA=="
        }
      ]
    },
    {
      "mode": "managed",
      "type": "newrelic_alert_policy",
      "name": "browser-policy",
      "provider": "provider[\"registry.terraform.io/newrelic/newrelic\"]",
      "instances": [
        {
          "schema_version": 0,
          "attributes": {
            "account_id": 4438263,
            "channel_ids": null,
            "id": "5498550",
            "incident_preference": "PER_POLICY",
            "name": "browser-policy"
          },
          "sensitive_attributes": [],
          "private": "bnVsbA=="
        }
      ]
    },
    {
      "mode": "managed",
      "type": "newrelic_alert_policy",
      "name": "infra-policy",
      "provider": "provider[\"registry.terraform.io/newrelic/newrelic\"]",
      "instances": [
        {
          "schema_version": 0,
          "attributes": {
            "account_id": 4438263,
            "channel_ids": null,
            "id": "5497431",
            "incident_preference": "PER_POLICY",
            "name": "Infra-policy"
          },
          "sensitive_attributes": [],
          "private": "bnVsbA=="
        }
      ]
    },
    {
      "mode": "managed",
      "type": "newrelic_notification_channel",
      "name": "foo",
      "provider": "provider[\"registry.terraform.io/newrelic/newrelic\"]",
      "instances": [
        {
          "schema_version": 0,
          "attributes": {
            "account_id": 4438263,
            "active": true,
            "destination_id": "fc912ea5-6c70-4724-9301-999c8b883c3c",
            "id": "06a05f35-0ee0-426f-86d9-4c682abb23d6",
            "name": "email-example",
            "product": "IINT",
            "property": [
              {
                "display_value": "",
                "key": "customDetailsEmail",
                "label": "",
                "value": "issue id - {{issueId}}"
              },
              {
                "display_value": "",
                "key": "source",
                "label": "terraform-source-internal",
                "value": "terraform"
              },
              {
                "display_value": "",
                "key": "subject",
                "label": "",
                "value": "wadhwaheena28@gmail.com"
              }
            ],
            "status": "DEFAULT",
            "type": "EMAIL"
          },
          "sensitive_attributes": [],
          "private": "bnVsbA==",
          "dependencies": [
            "newrelic_notification_destination.foo"
          ]
        }
      ]
    },
    {
      "mode": "managed",
      "type": "newrelic_notification_destination",
      "name": "foo",
      "provider": "provider[\"registry.terraform.io/newrelic/newrelic\"]",
      "instances": [
        {
          "schema_version": 1,
          "attributes": {
            "account_id": 4438263,
            "active": true,
            "auth_basic": [],
            "auth_custom_header": [],
            "auth_token": [],
            "guid": "NDQzODI2M3xBSU9QU3xERVNUSU5BVElPTnxmYzkxMmVhNS02YzcwLTQ3MjQtOTMwMS05OTljOGI4ODNjM2M",
            "id": "fc912ea5-6c70-4724-9301-999c8b883c3c",
            "last_sent": "",
            "name": "email-example",
            "property": [
              {
                "display_value": "",
                "key": "email",
                "label": "",
                "value": "wadhwaheena28@gmail.com"
              }
            ],
            "secure_url": [],
            "status": "DEFAULT",
            "type": "EMAIL"
          },
          "sensitive_attributes": [],
          "private": "eyJzY2hlbWFfdmVyc2lvbiI6IjEifQ=="
        }
      ]
    },
    {
      "mode": "managed",
      "type": "newrelic_nrql_alert_condition",
      "name": "apm_Conditions",
      "provider": "provider[\"registry.terraform.io/newrelic/newrelic\"]",
      "instances": [
        {
          "index_key": 0,
          "schema_version": 0,
          "attributes": {
            "account_id": 4438263,
            "aggregation_delay": "60",
            "aggregation_method": "event_flow",
            "aggregation_timer": null,
            "aggregation_window": 80,
            "baseline_direction": null,
            "close_violations_on_expiration": true,
            "critical": [
              {
                "duration": 0,
                "operator": "above",
                "threshold": 7,
                "threshold_duration": 60,
                "threshold_occurrences": "all",
                "time_function": ""
              }
            ],
            "description": "",
            "enabled": true,
            "entity_guid": "NDQzODI2M3xBSU9QU3xDT05ESVRJT058NDMzNTcxMzg",
            "evaluation_delay": null,
            "expiration_duration": 120,
            "fill_option": "static",
            "fill_value": 1,
            "id": "5498518:43357138",
            "name": "apm-Cond-1",
            "nrql": [
              {
                "data_account_id": 0,
                "evaluation_offset": 0,
                "query": "FROM Transaction SELECT apdex(duration, 0.5) WHERE appName = 'apm-vs-relicstaurants'",
                "since_value": ""
              }
            ],
            "open_violation_on_expiration": true,
            "policy_id": 5498518,
            "runbook_url": "",
            "slide_by": 30,
            "term": [],
            "timeouts": null,
            "type": "static",
            "violation_time_limit": "ONE_HOUR",
            "violation_time_limit_seconds": 3600,
            "warning": [
              {
                "duration": 0,
                "operator": "above",
                "threshold": 2,
                "threshold_duration": 60,
                "threshold_occurrences": "all",
                "time_function": ""
              }
            ]
          },
          "sensitive_attributes": [],
          "private": "eyJlMmJmYjczMC1lY2FhLTExZTYtOGY4OC0zNDM2M2JjN2M0YzAiOnsiY3JlYXRlIjozMDAwMDAwMDAwMH19",
          "dependencies": [
            "newrelic_alert_policy.apm-policy"
          ]
        },
        {
          "index_key": 1,
          "schema_version": 0,
          "attributes": {
            "account_id": 4438263,
            "aggregation_delay": "60",
            "aggregation_method": "event_flow",
            "aggregation_timer": null,
            "aggregation_window": 80,
            "baseline_direction": null,
            "close_violations_on_expiration": true,
            "critical": [
              {
                "duration": 0,
                "operator": "above",
                "threshold": 7,
                "threshold_duration": 60,
                "threshold_occurrences": "all",
                "time_function": ""
              }
            ],
            "description": "",
            "enabled": true,
            "entity_guid": "NDQzODI2M3xBSU9QU3xDT05ESVRJT058NDMzNTcxMzk",
            "evaluation_delay": null,
            "expiration_duration": 120,
            "fill_option": "static",
            "fill_value": 1,
            "id": "5498518:43357139",
            "name": "apm-Cond-2",
            "nrql": [
              {
                "data_account_id": 0,
                "evaluation_offset": 0,
                "query": "FROM Transaction SELECT rate(count(*), 1 minute) WHERE appName = 'apm-vs-relicstaurants'",
                "since_value": ""
              }
            ],
            "open_violation_on_expiration": true,
            "policy_id": 5498518,
            "runbook_url": "",
            "slide_by": 30,
            "term": [],
            "timeouts": null,
            "type": "static",
            "violation_time_limit": "ONE_HOUR",
            "violation_time_limit_seconds": 3600,
            "warning": [
              {
                "duration": 0,
                "operator": "above",
                "threshold": 2,
                "threshold_duration": 60,
                "threshold_occurrences": "all",
                "time_function": ""
              }
            ]
          },
          "sensitive_attributes": [],
          "private": "eyJlMmJmYjczMC1lY2FhLTExZTYtOGY4OC0zNDM2M2JjN2M0YzAiOnsiY3JlYXRlIjozMDAwMDAwMDAwMH19",
          "dependencies": [
            "newrelic_alert_policy.apm-policy"
          ]
        },
        {
          "index_key": 2,
          "schema_version": 0,
          "attributes": {
            "account_id": 4438263,
            "aggregation_delay": "60",
            "aggregation_method": "event_flow",
            "aggregation_timer": null,
            "aggregation_window": 80,
            "baseline_direction": null,
            "close_violations_on_expiration": true,
            "critical": [
              {
                "duration": 0,
                "operator": "above",
                "threshold": 7,
                "threshold_duration": 60,
                "threshold_occurrences": "all",
                "time_function": ""
              }
            ],
            "description": "",
            "enabled": true,
            "entity_guid": "NDQzODI2M3xBSU9QU3xDT05ESVRJT058NDMzNTcxNDA",
            "evaluation_delay": null,
            "expiration_duration": 120,
            "fill_option": "static",
            "fill_value": 1,
            "id": "5498518:43357140",
            "name": "apm-Cond-3",
            "nrql": [
              {
                "data_account_id": 0,
                "evaluation_offset": 0,
                "query": "FROM Transaction SELECT percentage(count(*), WHERE error IS true) WHERE appName = 'apm-vs-relicstaurants'",
                "since_value": ""
              }
            ],
            "open_violation_on_expiration": true,
            "policy_id": 5498518,
            "runbook_url": "",
            "slide_by": 30,
            "term": [],
            "timeouts": null,
            "type": "static",
            "violation_time_limit": "ONE_HOUR",
            "violation_time_limit_seconds": 3600,
            "warning": [
              {
                "duration": 0,
                "operator": "above",
                "threshold": 2,
                "threshold_duration": 60,
                "threshold_occurrences": "all",
                "time_function": ""
              }
            ]
          },
          "sensitive_attributes": [],
          "private": "eyJlMmJmYjczMC1lY2FhLTExZTYtOGY4OC0zNDM2M2JjN2M0YzAiOnsiY3JlYXRlIjozMDAwMDAwMDAwMH19",
          "dependencies": [
            "newrelic_alert_policy.apm-policy"
          ]
        }
      ]
    },
    {
      "mode": "managed",
      "type": "newrelic_nrql_alert_condition",
      "name": "browser_Conditions",
      "provider": "provider[\"registry.terraform.io/newrelic/newrelic\"]",
      "instances": [
        {
          "index_key": 0,
          "schema_version": 0,
          "attributes": {
            "account_id": 4438263,
            "aggregation_delay": "60",
            "aggregation_method": "event_flow",
            "aggregation_timer": null,
            "aggregation_window": 80,
            "baseline_direction": null,
            "close_violations_on_expiration": true,
            "critical": [
              {
                "duration": 0,
                "operator": "above",
                "threshold": 2,
                "threshold_duration": 60,
                "threshold_occurrences": "all",
                "time_function": ""
              }
            ],
            "description": "",
            "enabled": true,
            "entity_guid": "NDQzODI2M3xBSU9QU3xDT05ESVRJT058NDMzNTc0MjY",
            "evaluation_delay": null,
            "expiration_duration": 120,
            "fill_option": "static",
            "fill_value": 1,
            "id": "5498550:43357426",
            "name": "browser-Cond-1",
            "nrql": [
              {
                "data_account_id": 0,
                "evaluation_offset": 0,
                "query": "FROM JavaScriptError SELECT percentage(count(*), WHERE error IS NOT NULL)  WHERE appName = 'browser-res1112'",
                "since_value": ""
              }
            ],
            "open_violation_on_expiration": true,
            "policy_id": 5498550,
            "runbook_url": "",
            "slide_by": 30,
            "term": [],
            "timeouts": null,
            "type": "static",
            "violation_time_limit": "ONE_HOUR",
            "violation_time_limit_seconds": 3600,
            "warning": [
              {
                "duration": 0,
                "operator": "above",
                "threshold": 1,
                "threshold_duration": 60,
                "threshold_occurrences": "all",
                "time_function": ""
              }
            ]
          },
          "sensitive_attributes": [],
          "private": "eyJlMmJmYjczMC1lY2FhLTExZTYtOGY4OC0zNDM2M2JjN2M0YzAiOnsiY3JlYXRlIjozMDAwMDAwMDAwMH19",
          "dependencies": [
            "newrelic_alert_policy.browser-policy"
          ]
        },
        {
          "index_key": 1,
          "schema_version": 0,
          "attributes": {
            "account_id": 4438263,
            "aggregation_delay": "60",
            "aggregation_method": "event_flow",
            "aggregation_timer": null,
            "aggregation_window": 80,
            "baseline_direction": null,
            "close_violations_on_expiration": true,
            "critical": [
              {
                "duration": 0,
                "operator": "above",
                "threshold": 2,
                "threshold_duration": 60,
                "threshold_occurrences": "all",
                "time_function": ""
              }
            ],
            "description": "",
            "enabled": true,
            "entity_guid": "NDQzODI2M3xBSU9QU3xDT05ESVRJT058NDMzNTc0MjU",
            "evaluation_delay": null,
            "expiration_duration": 120,
            "fill_option": "static",
            "fill_value": 1,
            "id": "5498550:43357425",
            "name": "browser-Cond-2",
            "nrql": [
              {
                "data_account_id": 0,
                "evaluation_offset": 0,
                "query": "FROM PageView SELECT count(*) WHERE appName = 'browser-res1112'",
                "since_value": ""
              }
            ],
            "open_violation_on_expiration": true,
            "policy_id": 5498550,
            "runbook_url": "",
            "slide_by": 30,
            "term": [],
            "timeouts": null,
            "type": "static",
            "violation_time_limit": "ONE_HOUR",
            "violation_time_limit_seconds": 3600,
            "warning": [
              {
                "duration": 0,
                "operator": "above",
                "threshold": 1,
                "threshold_duration": 60,
                "threshold_occurrences": "all",
                "time_function": ""
              }
            ]
          },
          "sensitive_attributes": [],
          "private": "eyJlMmJmYjczMC1lY2FhLTExZTYtOGY4OC0zNDM2M2JjN2M0YzAiOnsiY3JlYXRlIjozMDAwMDAwMDAwMH19",
          "dependencies": [
            "newrelic_alert_policy.browser-policy"
          ]
        },
        {
          "index_key": 2,
          "schema_version": 0,
          "attributes": {
            "account_id": 4438263,
            "aggregation_delay": "60",
            "aggregation_method": "event_flow",
            "aggregation_timer": null,
            "aggregation_window": 80,
            "baseline_direction": null,
            "close_violations_on_expiration": true,
            "critical": [
              {
                "duration": 0,
                "operator": "above",
                "threshold": 2,
                "threshold_duration": 60,
                "threshold_occurrences": "all",
                "time_function": ""
              }
            ],
            "description": "",
            "enabled": true,
            "entity_guid": "NDQzODI2M3xBSU9QU3xDT05ESVRJT058NDMzNTc0MjQ",
            "evaluation_delay": null,
            "expiration_duration": 120,
            "fill_option": "static",
            "fill_value": 1,
            "id": "5498550:43357424",
            "name": "browser-Cond-3",
            "nrql": [
              {
                "data_account_id": 0,
                "evaluation_offset": 0,
                "query": "FROM PageViewTiming SELECT percentile(largestContentfulPaint, 75) WHERE appName= 'browser-res1112'",
                "since_value": ""
              }
            ],
            "open_violation_on_expiration": true,
            "policy_id": 5498550,
            "runbook_url": "",
            "slide_by": 30,
            "term": [],
            "timeouts": null,
            "type": "static",
            "violation_time_limit": "ONE_HOUR",
            "violation_time_limit_seconds": 3600,
            "warning": [
              {
                "duration": 0,
                "operator": "above",
                "threshold": 1,
                "threshold_duration": 60,
                "threshold_occurrences": "all",
                "time_function": ""
              }
            ]
          },
          "sensitive_attributes": [],
          "private": "eyJlMmJmYjczMC1lY2FhLTExZTYtOGY4OC0zNDM2M2JjN2M0YzAiOnsiY3JlYXRlIjozMDAwMDAwMDAwMH19",
          "dependencies": [
            "newrelic_alert_policy.browser-policy"
          ]
        }
      ]
    },
    {
      "mode": "managed",
      "type": "newrelic_nrql_alert_condition",
      "name": "infra_Conditions",
      "provider": "provider[\"registry.terraform.io/newrelic/newrelic\"]",
      "instances": [
        {
          "index_key": 0,
          "schema_version": 0,
          "attributes": {
            "account_id": 4438263,
            "aggregation_delay": "60",
            "aggregation_method": "event_flow",
            "aggregation_timer": null,
            "aggregation_window": 80,
            "baseline_direction": null,
            "close_violations_on_expiration": true,
            "critical": [
              {
                "duration": 0,
                "operator": "above",
                "threshold": 16.736,
                "threshold_duration": 60,
                "threshold_occurrences": "all",
                "time_function": ""
              }
            ],
            "description": "",
            "enabled": true,
            "entity_guid": "NDQzODI2M3xBSU9QU3xDT05ESVRJT058NDMzNDYyMjg",
            "evaluation_delay": null,
            "expiration_duration": 120,
            "fill_option": "static",
            "fill_value": 1,
            "id": "5497431:43346228",
            "name": "Infra-Cond-1",
            "nrql": [
              {
                "data_account_id": 0,
                "evaluation_offset": 0,
                "query": "FROM StorageSample SELECT average(diskUsedPercent) WHERE `entityName` = 'DESKTOP-VG81DSE'",
                "since_value": ""
              }
            ],
            "open_violation_on_expiration": true,
            "policy_id": 5497431,
            "runbook_url": "",
            "slide_by": 30,
            "term": [],
            "timeouts": null,
            "type": "static",
            "violation_time_limit": "ONE_HOUR",
            "violation_time_limit_seconds": 3600,
            "warning": [
              {
                "duration": 0,
                "operator": "above",
                "threshold": 16.73,
                "threshold_duration": 60,
                "threshold_occurrences": "all",
                "time_function": ""
              }
            ]
          },
          "sensitive_attributes": [],
          "private": "eyJlMmJmYjczMC1lY2FhLTExZTYtOGY4OC0zNDM2M2JjN2M0YzAiOnsiY3JlYXRlIjozMDAwMDAwMDAwMH19",
          "dependencies": [
            "newrelic_alert_policy.infra-policy"
          ]
        },
        {
          "index_key": 1,
          "schema_version": 0,
          "attributes": {
            "account_id": 4438263,
            "aggregation_delay": "60",
            "aggregation_method": "event_flow",
            "aggregation_timer": null,
            "aggregation_window": 80,
            "baseline_direction": null,
            "close_violations_on_expiration": true,
            "critical": [
              {
                "duration": 0,
                "operator": "above",
                "threshold": 16.736,
                "threshold_duration": 60,
                "threshold_occurrences": "all",
                "time_function": ""
              }
            ],
            "description": "",
            "enabled": true,
            "entity_guid": "NDQzODI2M3xBSU9QU3xDT05ESVRJT058NDMzNDYyMjc",
            "evaluation_delay": null,
            "expiration_duration": 120,
            "fill_option": "static",
            "fill_value": 1,
            "id": "5497431:43346227",
            "name": "Infra-Cond-2",
            "nrql": [
              {
                "data_account_id": 0,
                "evaluation_offset": 0,
                "query": "FROM SystemSample SELECT average(cpuPercent) WHERE `entityName` = 'DESKTOP-VG81DSE'",
                "since_value": ""
              }
            ],
            "open_violation_on_expiration": true,
            "policy_id": 5497431,
            "runbook_url": "",
            "slide_by": 30,
            "term": [],
            "timeouts": null,
            "type": "static",
            "violation_time_limit": "ONE_HOUR",
            "violation_time_limit_seconds": 3600,
            "warning": [
              {
                "duration": 0,
                "operator": "above",
                "threshold": 16.73,
                "threshold_duration": 60,
                "threshold_occurrences": "all",
                "time_function": ""
              }
            ]
          },
          "sensitive_attributes": [],
          "private": "eyJlMmJmYjczMC1lY2FhLTExZTYtOGY4OC0zNDM2M2JjN2M0YzAiOnsiY3JlYXRlIjozMDAwMDAwMDAwMH19",
          "dependencies": [
            "newrelic_alert_policy.infra-policy"
          ]
        },
        {
          "index_key": 2,
          "schema_version": 0,
          "attributes": {
            "account_id": 4438263,
            "aggregation_delay": "60",
            "aggregation_method": "event_flow",
            "aggregation_timer": null,
            "aggregation_window": 80,
            "baseline_direction": null,
            "close_violations_on_expiration": true,
            "critical": [
              {
                "duration": 0,
                "operator": "above",
                "threshold": 16.736,
                "threshold_duration": 60,
                "threshold_occurrences": "all",
                "time_function": ""
              }
            ],
            "description": "",
            "enabled": true,
            "entity_guid": "NDQzODI2M3xBSU9QU3xDT05ESVRJT058NDMzNDYyMjk",
            "evaluation_delay": null,
            "expiration_duration": 120,
            "fill_option": "static",
            "fill_value": 1,
            "id": "5497431:43346229",
            "name": "Infra-Cond-3",
            "nrql": [
              {
                "data_account_id": 0,
                "evaluation_offset": 0,
                "query": "FROM NetworkSample SELECT average(receiveBytesPerSecond) WHERE `entityName` = 'DESKTOP-VG81DSE'",
                "since_value": ""
              }
            ],
            "open_violation_on_expiration": true,
            "policy_id": 5497431,
            "runbook_url": "",
            "slide_by": 30,
            "term": [],
            "timeouts": null,
            "type": "static",
            "violation_time_limit": "ONE_HOUR",
            "violation_time_limit_seconds": 3600,
            "warning": [
              {
                "duration": 0,
                "operator": "above",
                "threshold": 16.73,
                "threshold_duration": 60,
                "threshold_occurrences": "all",
                "time_function": ""
              }
            ]
          },
          "sensitive_attributes": [],
          "private": "eyJlMmJmYjczMC1lY2FhLTExZTYtOGY4OC0zNDM2M2JjN2M0YzAiOnsiY3JlYXRlIjozMDAwMDAwMDAwMH19",
          "dependencies": [
            "newrelic_alert_policy.infra-policy"
          ]
        }
      ]
    },
    {
      "mode": "managed",
      "type": "newrelic_service_level",
      "name": "service_level",
      "provider": "provider[\"registry.terraform.io/newrelic/newrelic\"]",
      "instances": [
        {
          "schema_version": 0,
          "attributes": {
            "description": "Performance monitoring for the browser application.",
            "events": [
              {
                "account_id": 4438263,
                "bad_events": [],
                "good_events": [
                  {
                    "from": "PageView",
                    "select": [],
                    "where": "entityGuid = 'NDQzODI2M3xCUk9XU0VSfEFQUExJQ0FUSU9OfDU5NDUwMzAxMg' AND result='SUCCESS'"
                  }
                ],
                "valid_events": [
                  {
                    "from": "PageView",
                    "select": [],
                    "where": "entityGuid = 'NDQzODI2M3xCUk9XU0VSfEFQUExJQ0FUSU9OfDU5NDUwMzAxMg'"
                  }
                ]
              }
            ],
            "guid": "NDQzODI2M3xCUk9XU0VSfEFQUExJQ0FUSU9OfDU5NDUwMzAxMg",
            "id": "4438263:605411:NDQzODI2M3xCUk9XU0VSfEFQUExJQ0FUSU9OfDU5NDUwMzAxMg",
            "name": "Browser Application Service Level",
            "objective": [
              {
                "description": "",
                "name": "",
                "target": 40,
                "time_window": [
                  {
                    "rolling": [
                      {
                        "count": 1,
                        "unit": "DAY"
                      }
                    ]
                  }
                ]
              }
            ],
            "sli_guid": "NDQzODI2M3xFWFR8U0VSVklDRV9MRVZFTHw2MDU0MTE",
            "sli_id": "605411"
          },
          "sensitive_attributes": [],
          "private": "bnVsbA=="
        }
      ]
    },
    {
      "mode": "managed",
      "type": "newrelic_workflow",
      "name": "foo",
      "provider": "provider[\"registry.terraform.io/newrelic/newrelic\"]",
      "instances": [
        {
          "schema_version": 1,
          "attributes": {
            "account_id": 4438263,
            "destination": [
              {
                "channel_id": "06a05f35-0ee0-426f-86d9-4c682abb23d6",
                "name": "webhook-example",
                "notification_triggers": [
                  "ACKNOWLEDGED",
                  "ACTIVATED",
                  "CLOSED"
                ],
                "type": "EMAIL"
              }
            ],
            "destinations_enabled": true,
            "enabled": true,
            "enrichments": [],
            "enrichments_enabled": true,
            "guid": "NDQzODI2M3xBSU9QU3xXT1JLRkxPV3wyMWUwMTkxOS1hNzIxLTQ2NjMtYmQ0NC0yOGE1MjNlMDMxZTM",
            "id": "21e01919-a721-4663-bd44-28a523e031e3",
            "issues_filter": [
              {
                "filter_id": "4f6fa77e-cf85-46cd-878f-ac6bd0ed72ae",
                "name": "filter-name",
                "predicate": [
                  {
                    "attribute": "accumulations.policyName",
                    "operator": "EXACTLY_MATCHES",
                    "values": [
                      "apm-policy"
                    ]
                  }
                ],
                "type": "FILTER"
              }
            ],
            "last_run": "2024-07-30T07:22:48.287Z",
            "muting_rules_handling": "NOTIFY_ALL_ISSUES",
            "name": "workflow-example",
            "workflow_id": "21e01919-a721-4663-bd44-28a523e031e3"
          },
          "sensitive_attributes": [],
          "private": "eyJzY2hlbWFfdmVyc2lvbiI6IjEifQ==",
          "dependencies": [
            "newrelic_notification_channel.foo",
            "newrelic_notification_destination.foo"
          ]
        }
      ]
    }
  ],
  "check_results": null
}
